
Microsoft Visual Studio Solution File, Format Version 12.00
# Visual Studio 14
VisualStudioVersion = 14.0.22609.0
MinimumVisualStudioVersion = 10.0.40219.1
Project("{FAE04EC0-301F-11D3-BF4B-00C04F79EFBC}") = "Prototype", "Prototype\Prototype.csproj", "{CBCE441A-CD44-4FAA-8BA1-479CC4A641B9}"
EndProject
Project("{FAE04EC0-301F-11D3-BF4B-00C04F79EFBC}") = "Perspex.Editor", "Perspex.Editor\Perspex.Editor.csproj", "{6C55B776-26D4-4DB3-A6AB-87E783B2F3D1}"
EndProject
Project("{FAE04EC0-301F-11D3-BF4B-00C04F79EFBC}") = "Perspex.NRefactory", "Perspex.NRefactory\Perspex.NRefactory.csproj", "{3B2A5653-EC97-4001-BB9B-D90F1AF2C371}"
EndProject
Global
	GlobalSection(SolutionConfigurationPlatforms) = preSolution
		Debug|Any CPU = Debug|Any CPU
		Debug|Net35 = Debug|Net35
		Debug|Net40 = Debug|Net40
		Debug|WithNRefactory = Debug|WithNRefactory
		net_4_5_Debug|Any CPU = net_4_5_Debug|Any CPU
		net_4_5_Debug|Net35 = net_4_5_Debug|Net35
		net_4_5_Debug|Net40 = net_4_5_Debug|Net40
		net_4_5_Debug|WithNRefactory = net_4_5_Debug|WithNRefactory
		net_4_5_Release|Any CPU = net_4_5_Release|Any CPU
		net_4_5_Release|Net35 = net_4_5_Release|Net35
		net_4_5_Release|Net40 = net_4_5_Release|Net40
		net_4_5_Release|WithNRefactory = net_4_5_Release|WithNRefactory
		Release|Any CPU = Release|Any CPU
		Release|Net35 = Release|Net35
		Release|Net40 = Release|Net40
		Release|WithNRefactory = Release|WithNRefactory
	EndGlobalSection
	GlobalSection(ProjectConfigurationPlatforms) = postSolution
		{CBCE441A-CD44-4FAA-8BA1-479CC4A641B9}.Debug|Any CPU.ActiveCfg = Debug|Any CPU
		{CBCE441A-CD44-4FAA-8BA1-479CC4A641B9}.Debug|Any CPU.Build.0 = Debug|Any CPU
		{CBCE441A-CD44-4FAA-8BA1-479CC4A641B9}.Debug|Net35.ActiveCfg = Debug|Any CPU
		{CBCE441A-CD44-4FAA-8BA1-479CC4A641B9}.Debug|Net35.Build.0 = Debug|Any CPU
		{CBCE441A-CD44-4FAA-8BA1-479CC4A641B9}.Debug|Net40.ActiveCfg = Debug|Any CPU
		{CBCE441A-CD44-4FAA-8BA1-479CC4A641B9}.Debug|Net40.Build.0 = Debug|Any CPU
		{CBCE441A-CD44-4FAA-8BA1-479CC4A641B9}.Debug|WithNRefactory.ActiveCfg = Debug|Any CPU
		{CBCE441A-CD44-4FAA-8BA1-479CC4A641B9}.Debug|WithNRefactory.Build.0 = Debug|Any CPU
		{CBCE441A-CD44-4FAA-8BA1-479CC4A641B9}.net_4_5_Debug|Any CPU.ActiveCfg = Debug|Any CPU
		{CBCE441A-CD44-4FAA-8BA1-479CC4A641B9}.net_4_5_Debug|Any CPU.Build.0 = Debug|Any CPU
		{CBCE441A-CD44-4FAA-8BA1-479CC4A641B9}.net_4_5_Debug|Net35.ActiveCfg = Debug|Any CPU
		{CBCE441A-CD44-4FAA-8BA1-479CC4A641B9}.net_4_5_Debug|Net35.Build.0 = Debug|Any CPU
		{CBCE441A-CD44-4FAA-8BA1-479CC4A641B9}.net_4_5_Debug|Net40.ActiveCfg = Debug|Any CPU
		{CBCE441A-CD44-4FAA-8BA1-479CC4A641B9}.net_4_5_Debug|Net40.Build.0 = Debug|Any CPU
		{CBCE441A-CD44-4FAA-8BA1-479CC4A641B9}.net_4_5_Debug|WithNRefactory.ActiveCfg = Debug|Any CPU
		{CBCE441A-CD44-4FAA-8BA1-479CC4A641B9}.net_4_5_Debug|WithNRefactory.Build.0 = Debug|Any CPU
		{CBCE441A-CD44-4FAA-8BA1-479CC4A641B9}.net_4_5_Release|Any CPU.ActiveCfg = Release|Any CPU
		{CBCE441A-CD44-4FAA-8BA1-479CC4A641B9}.net_4_5_Release|Any CPU.Build.0 = Release|Any CPU
		{CBCE441A-CD44-4FAA-8BA1-479CC4A641B9}.net_4_5_Release|Net35.ActiveCfg = Release|Any CPU
		{CBCE441A-CD44-4FAA-8BA1-479CC4A641B9}.net_4_5_Release|Net35.Build.0 = Release|Any CPU
		{CBCE441A-CD44-4FAA-8BA1-479CC4A641B9}.net_4_5_Release|Net40.ActiveCfg = Release|Any CPU
		{CBCE441A-CD44-4FAA-8BA1-479CC4A641B9}.net_4_5_Release|Net40.Build.0 = Release|Any CPU
		{CBCE441A-CD44-4FAA-8BA1-479CC4A641B9}.net_4_5_Release|WithNRefactory.ActiveCfg = Release|Any CPU
		{CBCE441A-CD44-4FAA-8BA1-479CC4A641B9}.net_4_5_Release|WithNRefactory.Build.0 = Release|Any CPU
		{CBCE441A-CD44-4FAA-8BA1-479CC4A641B9}.Release|Any CPU.ActiveCfg = Release|Any CPU
		{CBCE441A-CD44-4FAA-8BA1-479CC4A641B9}.Release|Any CPU.Build.0 = Release|Any CPU
		{CBCE441A-CD44-4FAA-8BA1-479CC4A641B9}.Release|Net35.ActiveCfg = Release|Any CPU
		{CBCE441A-CD44-4FAA-8BA1-479CC4A641B9}.Release|Net35.Build.0 = Release|Any CPU
		{CBCE441A-CD44-4FAA-8BA1-479CC4A641B9}.Release|Net40.ActiveCfg = Release|Any CPU
		{CBCE441A-CD44-4FAA-8BA1-479CC4A641B9}.Release|Net40.Build.0 = Release|Any CPU
		{CBCE441A-CD44-4FAA-8BA1-479CC4A641B9}.Release|WithNRefactory.ActiveCfg = Release|Any CPU
		{CBCE441A-CD44-4FAA-8BA1-479CC4A641B9}.Release|WithNRefactory.Build.0 = Release|Any CPU
		{6C55B776-26D4-4DB3-A6AB-87E783B2F3D1}.Debug|Any CPU.ActiveCfg = Debug|WithNRefactory
		{6C55B776-26D4-4DB3-A6AB-87E783B2F3D1}.Debug|Net35.ActiveCfg = Debug|Net35
		{6C55B776-26D4-4DB3-A6AB-87E783B2F3D1}.Debug|Net35.Build.0 = Debug|Net35
		{6C55B776-26D4-4DB3-A6AB-87E783B2F3D1}.Debug|Net40.ActiveCfg = Debug|Net40
		{6C55B776-26D4-4DB3-A6AB-87E783B2F3D1}.Debug|Net40.Build.0 = Debug|Net40
		{6C55B776-26D4-4DB3-A6AB-87E783B2F3D1}.Debug|WithNRefactory.ActiveCfg = Debug|WithNRefactory
		{6C55B776-26D4-4DB3-A6AB-87E783B2F3D1}.Debug|WithNRefactory.Build.0 = Debug|WithNRefactory
		{6C55B776-26D4-4DB3-A6AB-87E783B2F3D1}.net_4_5_Debug|Any CPU.ActiveCfg = Release|WithNRefactory
		{6C55B776-26D4-4DB3-A6AB-87E783B2F3D1}.net_4_5_Debug|Any CPU.Build.0 = Release|WithNRefactory
		{6C55B776-26D4-4DB3-A6AB-87E783B2F3D1}.net_4_5_Debug|Net35.ActiveCfg = Debug|Net35
		{6C55B776-26D4-4DB3-A6AB-87E783B2F3D1}.net_4_5_Debug|Net35.Build.0 = Debug|Net35
		{6C55B776-26D4-4DB3-A6AB-87E783B2F3D1}.net_4_5_Debug|Net40.ActiveCfg = Debug|Net40
		{6C55B776-26D4-4DB3-A6AB-87E783B2F3D1}.net_4_5_Debug|Net40.Build.0 = Debug|Net40
		{6C55B776-26D4-4DB3-A6AB-87E783B2F3D1}.net_4_5_Debug|WithNRefactory.ActiveCfg = Debug|WithNRefactory
		{6C55B776-26D4-4DB3-A6AB-87E783B2F3D1}.net_4_5_Debug|WithNRefactory.Build.0 = Debug|WithNRefactory
		{6C55B776-26D4-4DB3-A6AB-87E783B2F3D1}.net_4_5_Release|Any CPU.ActiveCfg = Release|WithNRefactory
		{6C55B776-26D4-4DB3-A6AB-87E783B2F3D1}.net_4_5_Release|Any CPU.Build.0 = Release|WithNRefactory
		{6C55B776-26D4-4DB3-A6AB-87E783B2F3D1}.net_4_5_Release|Net35.ActiveCfg = Release|Net35
		{6C55B776-26D4-4DB3-A6AB-87E783B2F3D1}.net_4_5_Release|Net35.Build.0 = Release|Net35
		{6C55B776-26D4-4DB3-A6AB-87E783B2F3D1}.net_4_5_Release|Net40.ActiveCfg = Release|Net40
		{6C55B776-26D4-4DB3-A6AB-87E783B2F3D1}.net_4_5_Release|Net40.Build.0 = Release|Net40
		{6C55B776-26D4-4DB3-A6AB-87E783B2F3D1}.net_4_5_Release|WithNRefactory.ActiveCfg = Release|WithNRefactory
		{6C55B776-26D4-4DB3-A6AB-87E783B2F3D1}.net_4_5_Release|WithNRefactory.Build.0 = Release|WithNRefactory
		{6C55B776-26D4-4DB3-A6AB-87E783B2F3D1}.Release|Any CPU.ActiveCfg = Release|WithNRefactory
		{6C55B776-26D4-4DB3-A6AB-87E783B2F3D1}.Release|Net35.ActiveCfg = Release|Net35
		{6C55B776-26D4-4DB3-A6AB-87E783B2F3D1}.Release|Net35.Build.0 = Release|Net35
		{6C55B776-26D4-4DB3-A6AB-87E783B2F3D1}.Release|Net40.ActiveCfg = Release|Net40
		{6C55B776-26D4-4DB3-A6AB-87E783B2F3D1}.Release|Net40.Build.0 = Release|Net40
		{6C55B776-26D4-4DB3-A6AB-87E783B2F3D1}.Release|WithNRefactory.ActiveCfg = Release|WithNRefactory
		{6C55B776-26D4-4DB3-A6AB-87E783B2F3D1}.Release|WithNRefactory.Build.0 = Release|WithNRefactory
		{3B2A5653-EC97-4001-BB9B-D90F1AF2C371}.Debug|Any CPU.ActiveCfg = Debug|Any CPU
		{3B2A5653-EC97-4001-BB9B-D90F1AF2C371}.Debug|Any CPU.Build.0 = Debug|Any CPU
		{3B2A5653-EC97-4001-BB9B-D90F1AF2C371}.Debug|Net35.ActiveCfg = Debug|Any CPU
		{3B2A5653-EC97-4001-BB9B-D90F1AF2C371}.Debug|Net35.Build.0 = Debug|Any CPU
		{3B2A5653-EC97-4001-BB9B-D90F1AF2C371}.Debug|Net40.ActiveCfg = Debug|Any CPU
		{3B2A5653-EC97-4001-BB9B-D90F1AF2C371}.Debug|Net40.Build.0 = Debug|Any CPU
		{3B2A5653-EC97-4001-BB9B-D90F1AF2C371}.Debug|WithNRefactory.ActiveCfg = Debug|Any CPU
		{3B2A5653-EC97-4001-BB9B-D90F1AF2C371}.Debug|WithNRefactory.Build.0 = Debug|Any CPU
		{3B2A5653-EC97-4001-BB9B-D90F1AF2C371}.net_4_5_Debug|Any CPU.ActiveCfg = net_4_5_Debug|Any CPU
		{3B2A5653-EC97-4001-BB9B-D90F1AF2C371}.net_4_5_Debug|Any CPU.Build.0 = net_4_5_Debug|Any CPU
		{3B2A5653-EC97-4001-BB9B-D90F1AF2C371}.net_4_5_Debug|Net35.ActiveCfg = net_4_5_Debug|Any CPU
		{3B2A5653-EC97-4001-BB9B-D90F1AF2C371}.net_4_5_Debug|Net35.Build.0 = net_4_5_Debug|Any CPU
		{3B2A5653-EC97-4001-BB9B-D90F1AF2C371}.net_4_5_Debug|Net40.ActiveCfg = net_4_5_Debug|Any CPU
		{3B2A5653-EC97-4001-BB9B-D90F1AF2C371}.net_4_5_Debug|Net40.Build.0 = net_4_5_Debug|Any CPU
		{3B2A5653-EC97-4001-BB9B-D90F1AF2C371}.net_4_5_Debug|WithNRefactory.ActiveCfg = net_4_5_Debug|Any CPU
		{3B2A5653-EC97-4001-BB9B-D90F1AF2C371}.net_4_5_Debug|WithNRefactory.Build.0 = net_4_5_Debug|Any CPU
		{3B2A5653-EC97-4001-BB9B-D90F1AF2C371}.net_4_5_Release|Any CPU.ActiveCfg = net_4_5_Release|Any CPU
		{3B2A5653-EC97-4001-BB9B-D90F1AF2C371}.net_4_5_Release|Any CPU.Build.0 = net_4_5_Release|Any CPU
		{3B2A5653-EC97-4001-BB9B-D90F1AF2C371}.net_4_5_Release|Net35.ActiveCfg = net_4_5_Release|Any CPU
		{3B2A5653-EC97-4001-BB9B-D90F1AF2C371}.net_4_5_Release|Net35.Build.0 = net_4_5_Release|Any CPU
		{3B2A5653-EC97-4001-BB9B-D90F1AF2C371}.net_4_5_Release|Net40.ActiveCfg = net_4_5_Release|Any CPU
		{3B2A5653-EC97-4001-BB9B-D90F1AF2C371}.net_4_5_Release|Net40.Build.0 = net_4_5_Release|Any CPU
		{3B2A5653-EC97-4001-BB9B-D90F1AF2C371}.net_4_5_Release|WithNRefactory.ActiveCfg = net_4_5_Release|Any CPU
		{3B2A5653-EC97-4001-BB9B-D90F1AF2C371}.net_4_5_Release|WithNRefactory.Build.0 = net_4_5_Release|Any CPU
		{3B2A5653-EC97-4001-BB9B-D90F1AF2C371}.Release|Any CPU.ActiveCfg = Release|Any CPU
		{3B2A5653-EC97-4001-BB9B-D90F1AF2C371}.Release|Any CPU.Build.0 = Release|Any CPU
		{3B2A5653-EC97-4001-BB9B-D90F1AF2C371}.Release|Net35.ActiveCfg = Release|Any CPU
		{3B2A5653-EC97-4001-BB9B-D90F1AF2C371}.Release|Net35.Build.0 = Release|Any CPU
		{3B2A5653-EC97-4001-BB9B-D90F1AF2C371}.Release|Net40.ActiveCfg = Release|Any CPU
		{3B2A5653-EC97-4001-BB9B-D90F1AF2C371}.Release|Net40.Build.0 = Release|Any CPU
		{3B2A5653-EC97-4001-BB9B-D90F1AF2C371}.Release|WithNRefactory.ActiveCfg = Release|Any CPU
		{3B2A5653-EC97-4001-BB9B-D90F1AF2C371}.Release|WithNRefactory.Build.0 = Release|Any CPU
	EndGlobalSection
	GlobalSection(SolutionProperties) = preSolution
		HideSolutionNode = FALSE
	EndGlobalSection
EndGlobal
